// !$*UTF8*$!
{
	archiveVersion = 1;
	classes = {
	};
	objectVersion = 77;
	objects = {

/* Begin PBXBuildFile section */
		A7017BDA2D437B4A009C4D3C /* ContentView.swift in Sources */ = {isa = PBXBuildFile; fileRef = A7017BD22D437B4A009C4D3C /* ContentView.swift */; };
		A7017BDB2D437B4A009C4D3C /* SwiftUILearningApp.swift in Sources */ = {isa = PBXBuildFile; fileRef = A7017BD42D437B4A009C4D3C /* SwiftUILearningApp.swift */; };
		A7017BDC2D437B4A009C4D3C /* TodoListView.swift in Sources */ = {isa = PBXBuildFile; fileRef = A7017BD52D437B4A009C4D3C /* TodoListView.swift */; };
		A7017BDD2D437B4A009C4D3C /* CreateTaskView.swift in Sources */ = {isa = PBXBuildFile; fileRef = A7017BD32D437B4A009C4D3C /* CreateTaskView.swift */; };
		A7017BDE2D437B4A009C4D3C /* TodoListModel.swift in Sources */ = {isa = PBXBuildFile; fileRef = A7017BCE2D437B4A009C4D3C /* TodoListModel.swift */; };
		A7017BDF2D437B4A009C4D3C /* Assets.xcassets in Resources */ = {isa = PBXBuildFile; fileRef = A7017BD72D437B4A009C4D3C /* Assets.xcassets */; };
		A7017BE02D437B4A009C4D3C /* Preview Assets.xcassets in Resources */ = {isa = PBXBuildFile; fileRef = A7017BD02D437B4A009C4D3C /* Preview Assets.xcassets */; };
		A7017BE12D437B4A009C4D3C /* README.md in Resources */ = {isa = PBXBuildFile; fileRef = A7017BD82D437B4A009C4D3C /* README.md */; };
		A7017BE22D437B4A009C4D3C /* Assets.xcassets in Resources */ = {isa = PBXBuildFile; fileRef = A7017BD72D437B4A009C4D3C /* Assets.xcassets */; };
		A7017BE32D437B4A009C4D3C /* Preview Assets.xcassets in Resources */ = {isa = PBXBuildFile; fileRef = A7017BD02D437B4A009C4D3C /* Preview Assets.xcassets */; };
		A7017BE42D437B4A009C4D3C /* README.md in Resources */ = {isa = PBXBuildFile; fileRef = A7017BD82D437B4A009C4D3C /* README.md */; };
		A7017BE52D437B4A009C4D3C /* ContentView.swift in Sources */ = {isa = PBXBuildFile; fileRef = A7017BD22D437B4A009C4D3C /* ContentView.swift */; };
		A7017BE62D437B4A009C4D3C /* SwiftUILearningApp.swift in Sources */ = {isa = PBXBuildFile; fileRef = A7017BD42D437B4A009C4D3C /* SwiftUILearningApp.swift */; };
		A7017BE72D437B4A009C4D3C /* TodoListView.swift in Sources */ = {isa = PBXBuildFile; fileRef = A7017BD52D437B4A009C4D3C /* TodoListView.swift */; };
		A7017BE82D437B4A009C4D3C /* CreateTaskView.swift in Sources */ = {isa = PBXBuildFile; fileRef = A7017BD32D437B4A009C4D3C /* CreateTaskView.swift */; };
		A7017BE92D437B4A009C4D3C /* TodoListModel.swift in Sources */ = {isa = PBXBuildFile; fileRef = A7017BCE2D437B4A009C4D3C /* TodoListModel.swift */; };
		A7017BEA2D437B4A009C4D3C /* ContentView.swift in Sources */ = {isa = PBXBuildFile; fileRef = A7017BD22D437B4A009C4D3C /* ContentView.swift */; };
		A7017BEB2D437B4A009C4D3C /* SwiftUILearningApp.swift in Sources */ = {isa = PBXBuildFile; fileRef = A7017BD42D437B4A009C4D3C /* SwiftUILearningApp.swift */; };
		A7017BEC2D437B4A009C4D3C /* TodoListView.swift in Sources */ = {isa = PBXBuildFile; fileRef = A7017BD52D437B4A009C4D3C /* TodoListView.swift */; };
		A7017BED2D437B4A009C4D3C /* CreateTaskView.swift in Sources */ = {isa = PBXBuildFile; fileRef = A7017BD32D437B4A009C4D3C /* CreateTaskView.swift */; };
		A7017BEE2D437B4A009C4D3C /* TodoListModel.swift in Sources */ = {isa = PBXBuildFile; fileRef = A7017BCE2D437B4A009C4D3C /* TodoListModel.swift */; };
		A7017BEF2D437B4A009C4D3C /* Assets.xcassets in Resources */ = {isa = PBXBuildFile; fileRef = A7017BD72D437B4A009C4D3C /* Assets.xcassets */; };
		A7017BF02D437B4A009C4D3C /* Preview Assets.xcassets in Resources */ = {isa = PBXBuildFile; fileRef = A7017BD02D437B4A009C4D3C /* Preview Assets.xcassets */; };
		A7017BF12D437B4A009C4D3C /* README.md in Resources */ = {isa = PBXBuildFile; fileRef = A7017BD82D437B4A009C4D3C /* README.md */; };
/* End PBXBuildFile section */

/* Begin PBXContainerItemProxy section */
		A7126A432D3DEF7900B9D5D2 /* PBXContainerItemProxy */ = {
			isa = PBXContainerItemProxy;
			containerPortal = A7126A2A2D3DEF7700B9D5D2 /* Project object */;
			proxyType = 1;
			remoteGlobalIDString = A7126A312D3DEF7700B9D5D2;
			remoteInfo = SwiftUILearning;
		};
		A7126A4D2D3DEF7900B9D5D2 /* PBXContainerItemProxy */ = {
			isa = PBXContainerItemProxy;
			containerPortal = A7126A2A2D3DEF7700B9D5D2 /* Project object */;
			proxyType = 1;
			remoteGlobalIDString = A7126A312D3DEF7700B9D5D2;
			remoteInfo = SwiftUILearning;
		};
/* End PBXContainerItemProxy section */

/* Begin PBXFileReference section */
		A7017BCE2D437B4A009C4D3C /* TodoListModel.swift */ = {isa = PBXFileReference; lastKnownFileType = sourcecode.swift; path = TodoListModel.swift; sourceTree = "<group>"; };
		A7017BD02D437B4A009C4D3C /* Preview Assets.xcassets */ = {isa = PBXFileReference; lastKnownFileType = folder.assetcatalog; path = "Preview Assets.xcassets"; sourceTree = "<group>"; };
		A7017BD22D437B4A009C4D3C /* ContentView.swift */ = {isa = PBXFileReference; lastKnownFileType = sourcecode.swift; path = ContentView.swift; sourceTree = "<group>"; };
		A7017BD32D437B4A009C4D3C /* CreateTaskView.swift */ = {isa = PBXFileReference; lastKnownFileType = sourcecode.swift; path = CreateTaskView.swift; sourceTree = "<group>"; };
		A7017BD42D437B4A009C4D3C /* SwiftUILearningApp.swift */ = {isa = PBXFileReference; lastKnownFileType = sourcecode.swift; path = SwiftUILearningApp.swift; sourceTree = "<group>"; };
		A7017BD52D437B4A009C4D3C /* TodoListView.swift */ = {isa = PBXFileReference; lastKnownFileType = sourcecode.swift; path = TodoListView.swift; sourceTree = "<group>"; };
		A7017BD72D437B4A009C4D3C /* Assets.xcassets */ = {isa = PBXFileReference; lastKnownFileType = folder.assetcatalog; path = Assets.xcassets; sourceTree = "<group>"; };
		A7017BD82D437B4A009C4D3C /* README.md */ = {isa = PBXFileReference; lastKnownFileType = net.daringfireball.markdown; path = README.md; sourceTree = "<group>"; };
		A7126A322D3DEF7700B9D5D2 /* TodoList.app */ = {isa = PBXFileReference; explicitFileType = wrapper.application; includeInIndex = 0; path = TodoList.app; sourceTree = BUILT_PRODUCTS_DIR; };
		A7126A422D3DEF7900B9D5D2 /* TodoListTests.xctest */ = {isa = PBXFileReference; explicitFileType = wrapper.cfbundle; includeInIndex = 0; path = TodoListTests.xctest; sourceTree = BUILT_PRODUCTS_DIR; };
		A7126A4C2D3DEF7900B9D5D2 /* TodoListUITests.xctest */ = {isa = PBXFileReference; explicitFileType = wrapper.cfbundle; includeInIndex = 0; path = TodoListUITests.xctest; sourceTree = BUILT_PRODUCTS_DIR; };
/* End PBXFileReference section */

/* Begin PBXFileSystemSynchronizedRootGroup section */
		A7126A452D3DEF7900B9D5D2 /* TodoListTests */ = {
			isa = PBXFileSystemSynchronizedRootGroup;
			path = TodoListTests;
			sourceTree = "<group>";
		};
		A7126A4F2D3DEF7900B9D5D2 /* TodoListUITests */ = {
			isa = PBXFileSystemSynchronizedRootGroup;
			path = TodoListUITests;
			sourceTree = "<group>";
		};
/* End PBXFileSystemSynchronizedRootGroup section */

/* Begin PBXFrameworksBuildPhase section */
		A7126A2F2D3DEF7700B9D5D2 /* Frameworks */ = {
			isa = PBXFrameworksBuildPhase;
			buildActionMask = 2147483647;
			files = (
			);
			runOnlyForDeploymentPostprocessing = 0;
		};
		A7126A3F2D3DEF7900B9D5D2 /* Frameworks */ = {
			isa = PBXFrameworksBuildPhase;
			buildActionMask = 2147483647;
			files = (
			);
			runOnlyForDeploymentPostprocessing = 0;
		};
		A7126A492D3DEF7900B9D5D2 /* Frameworks */ = {
			isa = PBXFrameworksBuildPhase;
			buildActionMask = 2147483647;
			files = (
			);
			runOnlyForDeploymentPostprocessing = 0;
		};
/* End PBXFrameworksBuildPhase section */

/* Begin PBXGroup section */
		A7017BCF2D437B4A009C4D3C /* Model */ = {
			isa = PBXGroup;
			children = (
				A7017BCE2D437B4A009C4D3C /* TodoListModel.swift */,
			);
			path = Model;
			sourceTree = "<group>";
		};
		A7017BD12D437B4A009C4D3C /* Preview Content */ = {
			isa = PBXGroup;
			children = (
				A7017BD02D437B4A009C4D3C /* Preview Assets.xcassets */,
			);
			path = "Preview Content";
			sourceTree = "<group>";
		};
		A7017BD62D437B4A009C4D3C /* View */ = {
			isa = PBXGroup;
			children = (
				A7017BD22D437B4A009C4D3C /* ContentView.swift */,
				A7017BD32D437B4A009C4D3C /* CreateTaskView.swift */,
				A7017BD42D437B4A009C4D3C /* SwiftUILearningApp.swift */,
				A7017BD52D437B4A009C4D3C /* TodoListView.swift */,
			);
			path = View;
			sourceTree = "<group>";
		};
		A7017BD92D437B4A009C4D3C /* TodoList */ = {
			isa = PBXGroup;
			children = (
				A7017BCF2D437B4A009C4D3C /* Model */,
				A7017BD12D437B4A009C4D3C /* Preview Content */,
				A7017BD62D437B4A009C4D3C /* View */,
				A7017BD72D437B4A009C4D3C /* Assets.xcassets */,
				A7017BD82D437B4A009C4D3C /* README.md */,
			);
			path = TodoList;
			sourceTree = "<group>";
		};
		A7126A292D3DEF7700B9D5D2 = {
			isa = PBXGroup;
			children = (
				A7017BD92D437B4A009C4D3C /* TodoList */,
				A7126A452D3DEF7900B9D5D2 /* TodoListTests */,
				A7126A4F2D3DEF7900B9D5D2 /* TodoListUITests */,
				A7126A332D3DEF7700B9D5D2 /* Products */,
			);
			sourceTree = "<group>";
		};
		A7126A332D3DEF7700B9D5D2 /* Products */ = {
			isa = PBXGroup;
			children = (
				A7126A322D3DEF7700B9D5D2 /* TodoList.app */,
				A7126A422D3DEF7900B9D5D2 /* TodoListTests.xctest */,
				A7126A4C2D3DEF7900B9D5D2 /* TodoListUITests.xctest */,
			);
			name = Products;
			sourceTree = "<group>";
		};
/* End PBXGroup section */

/* Begin PBXNativeTarget section */
		A7126A312D3DEF7700B9D5D2 /* TodoList */ = {
			isa = PBXNativeTarget;
			buildConfigurationList = A7126A562D3DEF7900B9D5D2 /* Build configuration list for PBXNativeTarget "TodoList" */;
			buildPhases = (
				A7126A2E2D3DEF7700B9D5D2 /* Sources */,
				A7126A2F2D3DEF7700B9D5D2 /* Frameworks */,
				A7126A302D3DEF7700B9D5D2 /* Resources */,
			);
			buildRules = (
			);
			dependencies = (
			);
			name = TodoList;
			packageProductDependencies = (
			);
			productName = SwiftUILearning;
			productReference = A7126A322D3DEF7700B9D5D2 /* TodoList.app */;
			productType = "com.apple.product-type.application";
		};
		A7126A412D3DEF7900B9D5D2 /* TodoListTests */ = {
			isa = PBXNativeTarget;
			buildConfigurationList = A7126A592D3DEF7900B9D5D2 /* Build configuration list for PBXNativeTarget "TodoListTests" */;
			buildPhases = (
				A7126A3E2D3DEF7900B9D5D2 /* Sources */,
				A7126A3F2D3DEF7900B9D5D2 /* Frameworks */,
				A7126A402D3DEF7900B9D5D2 /* Resources */,
			);
			buildRules = (
			);
			dependencies = (
				A7126A442D3DEF7900B9D5D2 /* PBXTargetDependency */,
			);
			fileSystemSynchronizedGroups = (
				A7126A452D3DEF7900B9D5D2 /* TodoListTests */,
			);
			name = TodoListTests;
			packageProductDependencies = (
			);
			productName = SwiftUILearningTests;
			productReference = A7126A422D3DEF7900B9D5D2 /* TodoListTests.xctest */;
			productType = "com.apple.product-type.bundle.unit-test";
		};
		A7126A4B2D3DEF7900B9D5D2 /* TodoListUITests */ = {
			isa = PBXNativeTarget;
			buildConfigurationList = A7126A5C2D3DEF7900B9D5D2 /* Build configuration list for PBXNativeTarget "TodoListUITests" */;
			buildPhases = (
				A7126A482D3DEF7900B9D5D2 /* Sources */,
				A7126A492D3DEF7900B9D5D2 /* Frameworks */,
				A7126A4A2D3DEF7900B9D5D2 /* Resources */,
			);
			buildRules = (
			);
			dependencies = (
				A7126A4E2D3DEF7900B9D5D2 /* PBXTargetDependency */,
			);
			fileSystemSynchronizedGroups = (
				A7126A4F2D3DEF7900B9D5D2 /* TodoListUITests */,
			);
			name = TodoListUITests;
			packageProductDependencies = (
			);
			productName = SwiftUILearningUITests;
			productReference = A7126A4C2D3DEF7900B9D5D2 /* TodoListUITests.xctest */;
			productType = "com.apple.product-type.bundle.ui-testing";
		};
/* End PBXNativeTarget section */

/* Begin PBXProject section */
		A7126A2A2D3DEF7700B9D5D2 /* Project object */ = {
			isa = PBXProject;
			attributes = {
				BuildIndependentTargetsInParallel = 1;
				LastSwiftUpdateCheck = 1620;
				LastUpgradeCheck = 1620;
				TargetAttributes = {
					A7126A312D3DEF7700B9D5D2 = {
						CreatedOnToolsVersion = 16.2;
					};
					A7126A412D3DEF7900B9D5D2 = {
						CreatedOnToolsVersion = 16.2;
						TestTargetID = A7126A312D3DEF7700B9D5D2;
					};
					A7126A4B2D3DEF7900B9D5D2 = {
						CreatedOnToolsVersion = 16.2;
						TestTargetID = A7126A312D3DEF7700B9D5D2;
					};
				};
			};
			buildConfigurationList = A7126A2D2D3DEF7700B9D5D2 /* Build configuration list for PBXProject "TodoList" */;
			developmentRegion = en;
			hasScannedForEncodings = 0;
			knownRegions = (
				en,
				Base,
			);
			mainGroup = A7126A292D3DEF7700B9D5D2;
			minimizedProjectReferenceProxies = 1;
			preferredProjectObjectVersion = 77;
			productRefGroup = A7126A332D3DEF7700B9D5D2 /* Products */;
			projectDirPath = "";
			projectRoot = "";
			targets = (
				A7126A312D3DEF7700B9D5D2 /* TodoList */,
				A7126A412D3DEF7900B9D5D2 /* TodoListTests */,
				A7126A4B2D3DEF7900B9D5D2 /* TodoListUITests */,
			);
		};
/* End PBXProject section */

/* Begin PBXResourcesBuildPhase section */
		A7126A302D3DEF7700B9D5D2 /* Resources */ = {
			isa = PBXResourcesBuildPhase;
			buildActionMask = 2147483647;
			files = (
				A7017BE22D437B4A009C4D3C /* Assets.xcassets in Resources */,
				A7017BE32D437B4A009C4D3C /* Preview Assets.xcassets in Resources */,
				A7017BE42D437B4A009C4D3C /* README.md in Resources */,
			);
			runOnlyForDeploymentPostprocessing = 0;
		};
		A7126A402D3DEF7900B9D5D2 /* Resources */ = {
			isa = PBXResourcesBuildPhase;
			buildActionMask = 2147483647;
			files = (
				A7017BEF2D437B4A009C4D3C /* Assets.xcassets in Resources */,
				A7017BF02D437B4A009C4D3C /* Preview Assets.xcassets in Resources */,
				A7017BF12D437B4A009C4D3C /* README.md in Resources */,
			);
			runOnlyForDeploymentPostprocessing = 0;
		};
		A7126A4A2D3DEF7900B9D5D2 /* Resources */ = {
			isa = PBXResourcesBuildPhase;
			buildActionMask = 2147483647;
			files = (
				A7017BDF2D437B4A009C4D3C /* Assets.xcassets in Resources */,
				A7017BE02D437B4A009C4D3C /* Preview Assets.xcassets in Resources */,
				A7017BE12D437B4A009C4D3C /* README.md in Resources */,
			);
			runOnlyForDeploymentPostprocessing = 0;
		};
/* End PBXResourcesBuildPhase section */

/* Begin PBXSourcesBuildPhase section */
		A7126A2E2D3DEF7700B9D5D2 /* Sources */ = {
			isa = PBXSourcesBuildPhase;
			buildActionMask = 2147483647;
			files = (
				A7017BE52D437B4A009C4D3C /* ContentView.swift in Sources */,
				A7017BE62D437B4A009C4D3C /* SwiftUILearningApp.swift in Sources */,
				A7017BE72D437B4A009C4D3C /* TodoListView.swift in Sources */,
				A7017BE82D437B4A009C4D3C /* CreateTaskView.swift in Sources */,
				A7017BE92D437B4A009C4D3C /* TodoListModel.swift in Sources */,
			);
			runOnlyForDeploymentPostprocessing = 0;
		};
		A7126A3E2D3DEF7900B9D5D2 /* Sources */ = {
			isa = PBXSourcesBuildPhase;
			buildActionMask = 2147483647;
			files = (
				A7017BEA2D437B4A009C4D3C /* ContentView.swift in Sources */,
				A7017BEB2D437B4A009C4D3C /* SwiftUILearningApp.swift in Sources */,
				A7017BEC2D437B4A009C4D3C /* TodoListView.swift in Sources */,
				A7017BED2D437B4A009C4D3C /* CreateTaskView.swift in Sources */,
				A7017BEE2D437B4A009C4D3C /* TodoListModel.swift in Sources */,
			);
			runOnlyForDeploymentPostprocessing = 0;
		};
		A7126A482D3DEF7900B9D5D2 /* Sources */ = {
			isa = PBXSourcesBuildPhase;
			buildActionMask = 2147483647;
			files = (
				A7017BDA2D437B4A009C4D3C /* ContentView.swift in Sources */,
				A7017BDB2D437B4A009C4D3C /* SwiftUILearningApp.swift in Sources */,
				A7017BDC2D437B4A009C4D3C /* TodoListView.swift in Sources */,
				A7017BDD2D437B4A009C4D3C /* CreateTaskView.swift in Sources */,
				A7017BDE2D437B4A009C4D3C /* TodoListModel.swift in Sources */,
			);
			runOnlyForDeploymentPostprocessing = 0;
		};
/* End PBXSourcesBuildPhase section */

/* Begin PBXTargetDependency section */
		A7126A442D3DEF7900B9D5D2 /* PBXTargetDependency */ = {
			isa = PBXTargetDependency;
			target = A7126A312D3DEF7700B9D5D2 /* TodoList */;
			targetProxy = A7126A432D3DEF7900B9D5D2 /* PBXContainerItemProxy */;
		};
		A7126A4E2D3DEF7900B9D5D2 /* PBXTargetDependency */ = {
			isa = PBXTargetDependency;
			target = A7126A312D3DEF7700B9D5D2 /* TodoList */;
			targetProxy = A7126A4D2D3DEF7900B9D5D2 /* PBXContainerItemProxy */;
		};
/* End PBXTargetDependency section */

/* Begin XCBuildConfiguration section */
		A7126A542D3DEF7900B9D5D2 /* Debug */ = {
			isa = XCBuildConfiguration;
			buildSettings = {
				ALWAYS_SEARCH_USER_PATHS = NO;
				ASSETCATALOG_COMPILER_GENERATE_SWIFT_ASSET_SYMBOL_EXTENSIONS = YES;
				CLANG_ANALYZER_NONNULL = YES;
				CLANG_ANALYZER_NUMBER_OBJECT_CONVERSION = YES_AGGRESSIVE;
				CLANG_CXX_LANGUAGE_STANDARD = "gnu++20";
				CLANG_ENABLE_MODULES = YES;
				CLANG_ENABLE_OBJC_ARC = YES;
				CLANG_ENABLE_OBJC_WEAK = YES;
				CLANG_WARN_BLOCK_CAPTURE_AUTORELEASING = YES;
				CLANG_WARN_BOOL_CONVERSION = YES;
				CLANG_WARN_COMMA = YES;
				CLANG_WARN_CONSTANT_CONVERSION = YES;
				CLANG_WARN_DEPRECATED_OBJC_IMPLEMENTATIONS = YES;
				CLANG_WARN_DIRECT_OBJC_ISA_USAGE = YES_ERROR;
				CLANG_WARN_DOCUMENTATION_COMMENTS = YES;
				CLANG_WARN_EMPTY_BODY = YES;
				CLANG_WARN_ENUM_CONVERSION = YES;
				CLANG_WARN_INFINITE_RECURSION = YES;
				CLANG_WARN_INT_CONVERSION = YES;
				CLANG_WARN_NON_LITERAL_NULL_CONVERSION = YES;
				CLANG_WARN_OBJC_IMPLICIT_RETAIN_SELF = YES;
				CLANG_WARN_OBJC_LITERAL_CONVERSION = YES;
				CLANG_WARN_OBJC_ROOT_CLASS = YES_ERROR;
				CLANG_WARN_QUOTED_INCLUDE_IN_FRAMEWORK_HEADER = YES;
				CLANG_WARN_RANGE_LOOP_ANALYSIS = YES;
				CLANG_WARN_STRICT_PROTOTYPES = YES;
				CLANG_WARN_SUSPICIOUS_MOVE = YES;
				CLANG_WARN_UNGUARDED_AVAILABILITY = YES_AGGRESSIVE;
				CLANG_WARN_UNREACHABLE_CODE = YES;
				CLANG_WARN__DUPLICATE_METHOD_MATCH = YES;
				COPY_PHASE_STRIP = NO;
				DEBUG_INFORMATION_FORMAT = dwarf;
				ENABLE_STRICT_OBJC_MSGSEND = YES;
				ENABLE_TESTABILITY = YES;
				ENABLE_USER_SCRIPT_SANDBOXING = YES;
				GCC_C_LANGUAGE_STANDARD = gnu17;
				GCC_DYNAMIC_NO_PIC = NO;
				GCC_NO_COMMON_BLOCKS = YES;
				GCC_OPTIMIZATION_LEVEL = 0;
				GCC_PREPROCESSOR_DEFINITIONS = (
					"DEBUG=1",
					"$(inherited)",
				);
				GCC_WARN_64_TO_32_BIT_CONVERSION = YES;
				GCC_WARN_ABOUT_RETURN_TYPE = YES_ERROR;
				GCC_WARN_UNDECLARED_SELECTOR = YES;
				GCC_WARN_UNINITIALIZED_AUTOS = YES_AGGRESSIVE;
				GCC_WARN_UNUSED_FUNCTION = YES;
				GCC_WARN_UNUSED_VARIABLE = YES;
				IPHONEOS_DEPLOYMENT_TARGET = 18.2;
				LOCALIZATION_PREFERS_STRING_CATALOGS = YES;
				MTL_ENABLE_DEBUG_INFO = INCLUDE_SOURCE;
				MTL_FAST_MATH = YES;
				ONLY_ACTIVE_ARCH = YES;
				SDKROOT = iphoneos;
				SWIFT_ACTIVE_COMPILATION_CONDITIONS = "DEBUG $(inherited)";
				SWIFT_OPTIMIZATION_LEVEL = "-Onone";
			};
			name = Debug;
		};
		A7126A552D3DEF7900B9D5D2 /* Release */ = {
			isa = XCBuildConfiguration;
			buildSettings = {
				ALWAYS_SEARCH_USER_PATHS = NO;
				ASSETCATALOG_COMPILER_GENERATE_SWIFT_ASSET_SYMBOL_EXTENSIONS = YES;
				CLANG_ANALYZER_NONNULL = YES;
				CLANG_ANALYZER_NUMBER_OBJECT_CONVERSION = YES_AGGRESSIVE;
				CLANG_CXX_LANGUAGE_STANDARD = "gnu++20";
				CLANG_ENABLE_MODULES = YES;
				CLANG_ENABLE_OBJC_ARC = YES;
				CLANG_ENABLE_OBJC_WEAK = YES;
				CLANG_WARN_BLOCK_CAPTURE_AUTORELEASING = YES;
				CLANG_WARN_BOOL_CONVERSION = YES;
				CLANG_WARN_COMMA = YES;
				CLANG_WARN_CONSTANT_CONVERSION = YES;
				CLANG_WARN_DEPRECATED_OBJC_IMPLEMENTATIONS = YES;
				CLANG_WARN_DIRECT_OBJC_ISA_USAGE = YES_ERROR;
				CLANG_WARN_DOCUMENTATION_COMMENTS = YES;
				CLANG_WARN_EMPTY_BODY = YES;
				CLANG_WARN_ENUM_CONVERSION = YES;
				CLANG_WARN_INFINITE_RECURSION = YES;
				CLANG_WARN_INT_CONVERSION = YES;
				CLANG_WARN_NON_LITERAL_NULL_CONVERSION = YES;
				CLANG_WARN_OBJC_IMPLICIT_RETAIN_SELF = YES;
				CLANG_WARN_OBJC_LITERAL_CONVERSION = YES;
				CLANG_WARN_OBJC_ROOT_CLASS = YES_ERROR;
				CLANG_WARN_QUOTED_INCLUDE_IN_FRAMEWORK_HEADER = YES;
				CLANG_WARN_RANGE_LOOP_ANALYSIS = YES;
				CLANG_WARN_STRICT_PROTOTYPES = YES;
				CLANG_WARN_SUSPICIOUS_MOVE = YES;
				CLANG_WARN_UNGUARDED_AVAILABILITY = YES_AGGRESSIVE;
				CLANG_WARN_UNREACHABLE_CODE = YES;
				CLANG_WARN__DUPLICATE_METHOD_MATCH = YES;
				COPY_PHASE_STRIP = NO;
				DEBUG_INFORMATION_FORMAT = "dwarf-with-dsym";
				ENABLE_NS_ASSERTIONS = NO;
				ENABLE_STRICT_OBJC_MSGSEND = YES;
				ENABLE_USER_SCRIPT_SANDBOXING = YES;
				GCC_C_LANGUAGE_STANDARD = gnu17;
				GCC_NO_COMMON_BLOCKS = YES;
				GCC_WARN_64_TO_32_BIT_CONVERSION = YES;
				GCC_WARN_ABOUT_RETURN_TYPE = YES_ERROR;
				GCC_WARN_UNDECLARED_SELECTOR = YES;
				GCC_WARN_UNINITIALIZED_AUTOS = YES_AGGRESSIVE;
				GCC_WARN_UNUSED_FUNCTION = YES;
				GCC_WARN_UNUSED_VARIABLE = YES;
				IPHONEOS_DEPLOYMENT_TARGET = 18.2;
				LOCALIZATION_PREFERS_STRING_CATALOGS = YES;
				MTL_ENABLE_DEBUG_INFO = NO;
				MTL_FAST_MATH = YES;
				SDKROOT = iphoneos;
				SWIFT_COMPILATION_MODE = wholemodule;
				VALIDATE_PRODUCT = YES;
			};
			name = Release;
		};
		A7126A572D3DEF7900B9D5D2 /* Debug */ = {
			isa = XCBuildConfiguration;
			buildSettings = {
				ASSETCATALOG_COMPILER_APPICON_NAME = AppIcon;
				ASSETCATALOG_COMPILER_GLOBAL_ACCENT_COLOR_NAME = AccentColor;
				CODE_SIGN_STYLE = Automatic;
				CURRENT_PROJECT_VERSION = 1;
				DEVELOPMENT_ASSET_PATHS = "\"SwiftUILearning/Preview Content\"";
				DEVELOPMENT_TEAM = NSWJNWC9FS;
				ENABLE_PREVIEWS = YES;
				GENERATE_INFOPLIST_FILE = YES;
				INFOPLIST_KEY_UIApplicationSceneManifest_Generation = YES;
				INFOPLIST_KEY_UIApplicationSupportsIndirectInputEvents = YES;
				INFOPLIST_KEY_UILaunchScreen_Generation = YES;
				INFOPLIST_KEY_UISupportedInterfaceOrientations_iPad = "UIInterfaceOrientationPortrait UIInterfaceOrientationPortraitUpsideDown UIInterfaceOrientationLandscapeLeft UIInterfaceOrientationLandscapeRight";
				INFOPLIST_KEY_UISupportedInterfaceOrientations_iPhone = "UIInterfaceOrientationPortrait UIInterfaceOrientationLandscapeLeft UIInterfaceOrientationLandscapeRight";
				LD_RUNPATH_SEARCH_PATHS = (
					"$(inherited)",
					"@executable_path/Frameworks",
				);
				MARKETING_VERSION = 1.1;
				PRODUCT_BUNDLE_IDENTIFIER = com.test.SwiftUILearning;
				PRODUCT_NAME = "$(TARGET_NAME)";
				SWIFT_EMIT_LOC_STRINGS = YES;
				SWIFT_VERSION = 5.0;
				TARGETED_DEVICE_FAMILY = "1,2";
			};
			name = Debug;
		};
		A7126A582D3DEF7900B9D5D2 /* Release */ = {
			isa = XCBuildConfiguration;
			buildSettings = {
				ASSETCATALOG_COMPILER_APPICON_NAME = AppIcon;
				ASSETCATALOG_COMPILER_GLOBAL_ACCENT_COLOR_NAME = AccentColor;
				CODE_SIGN_STYLE = Automatic;
				CURRENT_PROJECT_VERSION = 1;
				DEVELOPMENT_ASSET_PATHS = "\"SwiftUILearning/Preview Content\"";
				DEVELOPMENT_TEAM = NSWJNWC9FS;
				ENABLE_PREVIEWS = YES;
				GENERATE_INFOPLIST_FILE = YES;
				INFOPLIST_KEY_UIApplicationSceneManifest_Generation = YES;
				INFOPLIST_KEY_UIApplicationSupportsIndirectInputEvents = YES;
				INFOPLIST_KEY_UILaunchScreen_Generation = YES;
				INFOPLIST_KEY_UISupportedInterfaceOrientations_iPad = "UIInterfaceOrientationPortrait UIInterfaceOrientationPortraitUpsideDown UIInterfaceOrientationLandscapeLeft UIInterfaceOrientationLandscapeRight";
				INFOPLIST_KEY_UISupportedInterfaceOrientations_iPhone = "UIInterfaceOrientationPortrait UIInterfaceOrientationLandscapeLeft UIInterfaceOrientationLandscapeRight";
				LD_RUNPATH_SEARCH_PATHS = (
					"$(inherited)",
					"@executable_path/Frameworks",
				);
				MARKETING_VERSION = 1.1;
				PRODUCT_BUNDLE_IDENTIFIER = com.test.SwiftUILearning;
				PRODUCT_NAME = "$(TARGET_NAME)";
				SWIFT_EMIT_LOC_STRINGS = YES;
				SWIFT_VERSION = 5.0;
				TARGETED_DEVICE_FAMILY = "1,2";
			};
			name = Release;
		};
		A7126A5A2D3DEF7900B9D5D2 /* Debug */ = {
			isa = XCBuildConfiguration;
			buildSettings = {
				BUNDLE_LOADER = "$(TEST_HOST)";
				CODE_SIGN_STYLE = Automatic;
				CURRENT_PROJECT_VERSION = 1;
				DEVELOPMENT_TEAM = NSWJNWC9FS;
				GENERATE_INFOPLIST_FILE = YES;
				IPHONEOS_DEPLOYMENT_TARGET = 18.2;
				MARKETING_VERSION = 1.0;
				PRODUCT_BUNDLE_IDENTIFIER = com.test.SwiftUILearningTests;
				PRODUCT_NAME = "$(TARGET_NAME)";
				SWIFT_EMIT_LOC_STRINGS = NO;
				SWIFT_VERSION = 5.0;
				TARGETED_DEVICE_FAMILY = "1,2";
				TEST_HOST = "$(BUILT_PRODUCTS_DIR)/TodoList.app/$(BUNDLE_EXECUTABLE_FOLDER_PATH)/TodoList";
			};
			name = Debug;
		};
		A7126A5B2D3DEF7900B9D5D2 /* Release */ = {
			isa = XCBuildConfiguration;
			buildSettings = {
				BUNDLE_LOADER = "$(TEST_HOST)";
				CODE_SIGN_STYLE = Automatic;
				CURRENT_PROJECT_VERSION = 1;
				DEVELOPMENT_TEAM = NSWJNWC9FS;
				GENERATE_INFOPLIST_FILE = YES;
				IPHONEOS_DEPLOYMENT_TARGET = 18.2;
				MARKETING_VERSION = 1.0;
				PRODUCT_BUNDLE_IDENTIFIER = com.test.SwiftUILearningTests;
				PRODUCT_NAME = "$(TARGET_NAME)";
				SWIFT_EMIT_LOC_STRINGS = NO;
				SWIFT_VERSION = 5.0;
				TARGETED_DEVICE_FAMILY = "1,2";
				TEST_HOST = "$(BUILT_PRODUCTS_DIR)/TodoList.app/$(BUNDLE_EXECUTABLE_FOLDER_PATH)/TodoList";
			};
			name = Release;
		};
		A7126A5D2D3DEF7900B9D5D2 /* Debug */ = {
			isa = XCBuildConfiguration;
			buildSettings = {
				CODE_SIGN_STYLE = Automatic;
				CURRENT_PROJECT_VERSION = 1;
				DEVELOPMENT_TEAM = NSWJNWC9FS;
				GENERATE_INFOPLIST_FILE = YES;
				MARKETING_VERSION = 1.0;
				PRODUCT_BUNDLE_IDENTIFIER = com.test.SwiftUILearningUITests;
				PRODUCT_NAME = "$(TARGET_NAME)";
				SWIFT_EMIT_LOC_STRINGS = NO;
				SWIFT_VERSION = 5.0;
				TARGETED_DEVICE_FAMILY = "1,2";
				TEST_TARGET_NAME = SwiftUILearning;
			};
			name = Debug;
		};
		A7126A5E2D3DEF7900B9D5D2 /* Release */ = {
			isa = XCBuildConfiguration;
			buildSettings = {
				CODE_SIGN_STYLE = Automatic;
				CURRENT_PROJECT_VERSION = 1;
				DEVELOPMENT_TEAM = NSWJNWC9FS;
				GENERATE_INFOPLIST_FILE = YES;
				MARKETING_VERSION = 1.0;
				PRODUCT_BUNDLE_IDENTIFIER = com.test.SwiftUILearningUITests;
				PRODUCT_NAME = "$(TARGET_NAME)";
				SWIFT_EMIT_LOC_STRINGS = NO;
				SWIFT_VERSION = 5.0;
				TARGETED_DEVICE_FAMILY = "1,2";
				TEST_TARGET_NAME = SwiftUILearning;
			};
			name = Release;
		};
/* End XCBuildConfiguration section */

/* Begin XCConfigurationList section */
		A7126A2D2D3DEF7700B9D5D2 /* Build configuration list for PBXProject "TodoList" */ = {
			isa = XCConfigurationList;
			buildConfigurations = (
				A7126A542D3DEF7900B9D5D2 /* Debug */,
				A7126A552D3DEF7900B9D5D2 /* Release */,
			);
			defaultConfigurationIsVisible = 0;
			defaultConfigurationName = Release;
		};
		A7126A562D3DEF7900B9D5D2 /* Build configuration list for PBXNativeTarget "TodoList" */ = {
			isa = XCConfigurationList;
			buildConfigurations = (
				A7126A572D3DEF7900B9D5D2 /* Debug */,
				A7126A582D3DEF7900B9D5D2 /* Release */,
			);
			defaultConfigurationIsVisible = 0;
			defaultConfigurationName = Release;
		};
		A7126A592D3DEF7900B9D5D2 /* Build configuration list for PBXNativeTarget "TodoListTests" */ = {
			isa = XCConfigurationList;
			buildConfigurations = (
				A7126A5A2D3DEF7900B9D5D2 /* Debug */,
				A7126A5B2D3DEF7900B9D5D2 /* Release */,
			);
			defaultConfigurationIsVisible = 0;
			defaultConfigurationName = Release;
		};
		A7126A5C2D3DEF7900B9D5D2 /* Build configuration list for PBXNativeTarget "TodoListUITests" */ = {
			isa = XCConfigurationList;
			buildConfigurations = (
				A7126A5D2D3DEF7900B9D5D2 /* Debug */,
				A7126A5E2D3DEF7900B9D5D2 /* Release */,
			);
			defaultConfigurationIsVisible = 0;
			defaultConfigurationName = Release;
		};
/* End XCConfigurationList section */
	};
	rootObject = A7126A2A2D3DEF7700B9D5D2 /* Project object */;
}
